// !$*UTF8*$!
{
	archiveVersion = 1;
	classes = {
	};
	objectVersion = 46;
	objects = {

/* Begin PBXBuildFile section */
		738D025E2242B007008F9F75 /* Billboard.framework in Frameworks */ = {isa = PBXBuildFile; fileRef = 7343CBBB223961BF00CC3C97 /* Billboard.framework */; };
		738D025F2242B007008F9F75 /* LiveSafe.framework in Frameworks */ = {isa = PBXBuildFile; fileRef = 7343CBBC223961BF00CC3C97 /* LiveSafe.framework */; };
		738D02602242B007008F9F75 /* LiveSafeUtils.framework in Frameworks */ = {isa = PBXBuildFile; fileRef = 7343CBBD223961BF00CC3C97 /* LiveSafeUtils.framework */; };
		B3E7B58A1CC2AC0600A0062D /* RNLivesafe.m in Sources */ = {isa = PBXBuildFile; fileRef = B3E7B5891CC2AC0600A0062D /* RNLivesafe.m */; };
/* End PBXBuildFile section */

/* Begin PBXCopyFilesBuildPhase section */
		58B511D91A9E6C8500147676 /* CopyFiles */ = {
			isa = PBXCopyFilesBuildPhase;
			buildActionMask = 2147483647;
			dstPath = "include/$(PRODUCT_NAME)";
			dstSubfolderSpec = 16;
			files = (
			);
			runOnlyForDeploymentPostprocessing = 0;
		};
/* End PBXCopyFilesBuildPhase section */

/* Begin PBXFileReference section */
		134814201AA4EA6300B7C361 /* libRNLivesafe.a */ = {isa = PBXFileReference; explicitFileType = archive.ar; includeInIndex = 0; path = libRNLivesafe.a; sourceTree = BUILT_PRODUCTS_DIR; };
		64A669CD06FA9757E3226CD7 /* Pods-RNLivesafe.debug.xcconfig */ = {isa = PBXFileReference; includeInIndex = 1; lastKnownFileType = text.xcconfig; name = "Pods-RNLivesafe.debug.xcconfig"; path = "Pods/Target Support Files/Pods-RNLivesafe/Pods-RNLivesafe.debug.xcconfig"; sourceTree = "<group>"; };
		733C4EE42242E99500C6D24E /* Lottie.framework */ = {isa = PBXFileReference; explicitFileType = wrapper.framework; path = Lottie.framework; sourceTree = BUILT_PRODUCTS_DIR; };
		733C4EE62242E99F00C6D24E /* Alamofire.framework */ = {isa = PBXFileReference; explicitFileType = wrapper.framework; path = Alamofire.framework; sourceTree = BUILT_PRODUCTS_DIR; };
		733C4EE82242E9AA00C6D24E /* SwiftyJSON.framework */ = {isa = PBXFileReference; explicitFileType = wrapper.framework; path = SwiftyJSON.framework; sourceTree = BUILT_PRODUCTS_DIR; };
		733C4EEA2242E9B100C6D24E /* ObjectMapper.framework */ = {isa = PBXFileReference; explicitFileType = wrapper.framework; path = ObjectMapper.framework; sourceTree = BUILT_PRODUCTS_DIR; };
		7343CBBB223961BF00CC3C97 /* Billboard.framework */ = {isa = PBXFileReference; lastKnownFileType = wrapper.framework; path = Billboard.framework; sourceTree = "<group>"; };
		7343CBBC223961BF00CC3C97 /* LiveSafe.framework */ = {isa = PBXFileReference; lastKnownFileType = wrapper.framework; path = LiveSafe.framework; sourceTree = "<group>"; };
		7343CBBD223961BF00CC3C97 /* LiveSafeUtils.framework */ = {isa = PBXFileReference; lastKnownFileType = wrapper.framework; path = LiveSafeUtils.framework; sourceTree = "<group>"; };
		7343CC1022398DAB00CC3C97 /* Pods_livesafeTest.framework */ = {isa = PBXFileReference; explicitFileType = wrapper.framework; path = Pods_livesafeTest.framework; sourceTree = BUILT_PRODUCTS_DIR; };
		7343CC1F22398EEE00CC3C97 /* Pods_livesafeTest.framework */ = {isa = PBXFileReference; explicitFileType = wrapper.framework; path = Pods_livesafeTest.framework; sourceTree = BUILT_PRODUCTS_DIR; };
		738BB06722429CF200F4EDDA /* libPods-lane.a */ = {isa = PBXFileReference; explicitFileType = archive.ar; path = "libPods-lane.a"; sourceTree = BUILT_PRODUCTS_DIR; };
		738D02442242AB28008F9F75 /* libPods-lane.a */ = {isa = PBXFileReference; explicitFileType = archive.ar; path = "libPods-lane.a"; sourceTree = BUILT_PRODUCTS_DIR; };
		738D02472242ADC2008F9F75 /* LiveSafe.framework */ = {isa = PBXFileReference; lastKnownFileType = wrapper.framework; name = LiveSafe.framework; path = "../../../lane-next/lane-mobile/ios/LiveSafe.framework"; sourceTree = "<group>"; };
		738D02482242ADC2008F9F75 /* LiveSafeUtils.framework */ = {isa = PBXFileReference; lastKnownFileType = wrapper.framework; name = LiveSafeUtils.framework; path = "../../../lane-next/lane-mobile/ios/LiveSafeUtils.framework"; sourceTree = "<group>"; };
		738D02492242ADC2008F9F75 /* Billboard.framework */ = {isa = PBXFileReference; lastKnownFileType = wrapper.framework; name = Billboard.framework; path = "../../../lane-next/lane-mobile/ios/Billboard.framework"; sourceTree = "<group>"; };
		738D02DF2242C8C9008F9F75 /* libAlamofire.a */ = {isa = PBXFileReference; explicitFileType = archive.ar; path = libAlamofire.a; sourceTree = BUILT_PRODUCTS_DIR; };
		7915FE6497C289ECB5AEBC6E /* Pods-RNLivesafe.release.xcconfig */ = {isa = PBXFileReference; includeInIndex = 1; lastKnownFileType = text.xcconfig; name = "Pods-RNLivesafe.release.xcconfig"; path = "Pods/Target Support Files/Pods-RNLivesafe/Pods-RNLivesafe.release.xcconfig"; sourceTree = "<group>"; };
		B3E7B5881CC2AC0600A0062D /* RNLivesafe.h */ = {isa = PBXFileReference; fileEncoding = 4; lastKnownFileType = sourcecode.c.h; path = RNLivesafe.h; sourceTree = "<group>"; };
		B3E7B5891CC2AC0600A0062D /* RNLivesafe.m */ = {isa = PBXFileReference; fileEncoding = 4; lastKnownFileType = sourcecode.c.objc; path = RNLivesafe.m; sourceTree = "<group>"; };
/* End PBXFileReference section */

/* Begin PBXFrameworksBuildPhase section */
		58B511D81A9E6C8500147676 /* Frameworks */ = {
			isa = PBXFrameworksBuildPhase;
			buildActionMask = 2147483647;
			files = (
				738D025E2242B007008F9F75 /* Billboard.framework in Frameworks */,
				738D025F2242B007008F9F75 /* LiveSafe.framework in Frameworks */,
				738D02602242B007008F9F75 /* LiveSafeUtils.framework in Frameworks */,
			);
			runOnlyForDeploymentPostprocessing = 0;
		};
/* End PBXFrameworksBuildPhase section */

/* Begin PBXGroup section */
		134814211AA4EA7D00B7C361 /* Products */ = {
			isa = PBXGroup;
			children = (
				134814201AA4EA6300B7C361 /* libRNLivesafe.a */,
			);
			name = Products;
			sourceTree = "<group>";
		};
		58B511D21A9E6C8500147676 = {
			isa = PBXGroup;
			children = (
				B3E7B5881CC2AC0600A0062D /* RNLivesafe.h */,
				B3E7B5891CC2AC0600A0062D /* RNLivesafe.m */,
				134814211AA4EA7D00B7C361 /* Products */,
				F1AE9E82B4DEA7E0A1D24467 /* Pods */,
				7343CBBA2239619600CC3C97 /* Libraries */,
				B5A0B26249573875CDDA35F1 /* Frameworks */,
			);
			sourceTree = "<group>";
		};
		7343CBBA2239619600CC3C97 /* Libraries */ = {
			isa = PBXGroup;
			children = (
				7343CBBB223961BF00CC3C97 /* Billboard.framework */,
				7343CBBC223961BF00CC3C97 /* LiveSafe.framework */,
				7343CBBD223961BF00CC3C97 /* LiveSafeUtils.framework */,
			);
			path = Libraries;
			sourceTree = "<group>";
		};
		B5A0B26249573875CDDA35F1 /* Frameworks */ = {
			isa = PBXGroup;
			children = (
				733C4EEA2242E9B100C6D24E /* ObjectMapper.framework */,
				733C4EE82242E9AA00C6D24E /* SwiftyJSON.framework */,
				733C4EE62242E99F00C6D24E /* Alamofire.framework */,
				733C4EE42242E99500C6D24E /* Lottie.framework */,
				738D02DF2242C8C9008F9F75 /* libAlamofire.a */,
				738D02492242ADC2008F9F75 /* Billboard.framework */,
				738D02472242ADC2008F9F75 /* LiveSafe.framework */,
				738D02482242ADC2008F9F75 /* LiveSafeUtils.framework */,
				738D02442242AB28008F9F75 /* libPods-lane.a */,
				738BB06722429CF200F4EDDA /* libPods-lane.a */,
				7343CC1F22398EEE00CC3C97 /* Pods_livesafeTest.framework */,
				7343CC1022398DAB00CC3C97 /* Pods_livesafeTest.framework */,
			);
			name = Frameworks;
			sourceTree = "<group>";
		};
		F1AE9E82B4DEA7E0A1D24467 /* Pods */ = {
			isa = PBXGroup;
			children = (
				64A669CD06FA9757E3226CD7 /* Pods-RNLivesafe.debug.xcconfig */,
				7915FE6497C289ECB5AEBC6E /* Pods-RNLivesafe.release.xcconfig */,
			);
			name = Pods;
			sourceTree = "<group>";
		};
/* End PBXGroup section */

/* Begin PBXNativeTarget section */
		58B511DA1A9E6C8500147676 /* RNLivesafe */ = {
			isa = PBXNativeTarget;
			buildConfigurationList = 58B511EF1A9E6C8500147676 /* Build configuration list for PBXNativeTarget "RNLivesafe" */;
			buildPhases = (
				0A51B3D7F49EF28AF62DB4D9 /* [CP] Check Pods Manifest.lock */,
				58B511D71A9E6C8500147676 /* Sources */,
				58B511D81A9E6C8500147676 /* Frameworks */,
				58B511D91A9E6C8500147676 /* CopyFiles */,
			);
			buildRules = (
			);
			dependencies = (
			);
			name = RNLivesafe;
			productName = RCTDataManager;
			productReference = 134814201AA4EA6300B7C361 /* libRNLivesafe.a */;
			productType = "com.apple.product-type.library.static";
		};
/* End PBXNativeTarget section */

/* Begin PBXProject section */
		58B511D31A9E6C8500147676 /* Project object */ = {
			isa = PBXProject;
			attributes = {
				LastUpgradeCheck = 0920;
				ORGANIZATIONNAME = Facebook;
				TargetAttributes = {
					58B511DA1A9E6C8500147676 = {
						CreatedOnToolsVersion = 6.1.1;
					};
				};
			};
			buildConfigurationList = 58B511D61A9E6C8500147676 /* Build configuration list for PBXProject "RNLivesafe" */;
			compatibilityVersion = "Xcode 3.2";
			developmentRegion = English;
			hasScannedForEncodings = 0;
			knownRegions = (
				en,
			);
			mainGroup = 58B511D21A9E6C8500147676;
			productRefGroup = 58B511D21A9E6C8500147676;
			projectDirPath = "";
			projectRoot = "";
			targets = (
				58B511DA1A9E6C8500147676 /* RNLivesafe */,
			);
		};
/* End PBXProject section */

/* Begin PBXShellScriptBuildPhase section */
		0A51B3D7F49EF28AF62DB4D9 /* [CP] Check Pods Manifest.lock */ = {
			isa = PBXShellScriptBuildPhase;
			buildActionMask = 2147483647;
			files = (
			);
			inputFileListPaths = (
			);
			inputPaths = (
				"${PODS_PODFILE_DIR_PATH}/Podfile.lock",
				"${PODS_ROOT}/Manifest.lock",
			);
			name = "[CP] Check Pods Manifest.lock";
			outputFileListPaths = (
			);
			outputPaths = (
				"$(DERIVED_FILE_DIR)/Pods-RNLivesafe-checkManifestLockResult.txt",
			);
			runOnlyForDeploymentPostprocessing = 0;
			shellPath = /bin/sh;
			shellScript = "diff \"${PODS_PODFILE_DIR_PATH}/Podfile.lock\" \"${PODS_ROOT}/Manifest.lock\" > /dev/null\nif [ $? != 0 ] ; then\n    # print error to STDERR\n    echo \"error: The sandbox is not in sync with the Podfile.lock. Run 'pod install' or update your CocoaPods installation.\" >&2\n    exit 1\nfi\n# This output is used by Xcode 'outputs' to avoid re-running this script phase.\necho \"SUCCESS\" > \"${SCRIPT_OUTPUT_FILE_0}\"\n";
			showEnvVarsInLog = 0;
		};
/* End PBXShellScriptBuildPhase section */

/* Begin PBXSourcesBuildPhase section */
		58B511D71A9E6C8500147676 /* Sources */ = {
			isa = PBXSourcesBuildPhase;
			buildActionMask = 2147483647;
			files = (
				B3E7B58A1CC2AC0600A0062D /* RNLivesafe.m in Sources */,
			);
			runOnlyForDeploymentPostprocessing = 0;
		};
/* End PBXSourcesBuildPhase section */

/* Begin XCBuildConfiguration section */
		58B511ED1A9E6C8500147676 /* Debug */ = {
			isa = XCBuildConfiguration;
			buildSettings = {
				ALWAYS_SEARCH_USER_PATHS = NO;
				CLANG_CXX_LANGUAGE_STANDARD = "gnu++0x";
				CLANG_CXX_LIBRARY = "libc++";
				CLANG_ENABLE_MODULES = YES;
				CLANG_ENABLE_OBJC_ARC = YES;
				CLANG_WARN_BLOCK_CAPTURE_AUTORELEASING = YES;
				CLANG_WARN_BOOL_CONVERSION = YES;
				CLANG_WARN_COMMA = YES;
				CLANG_WARN_CONSTANT_CONVERSION = YES;
				CLANG_WARN_DIRECT_OBJC_ISA_USAGE = YES_ERROR;
				CLANG_WARN_EMPTY_BODY = YES;
				CLANG_WARN_ENUM_CONVERSION = YES;
				CLANG_WARN_INFINITE_RECURSION = YES;
				CLANG_WARN_INT_CONVERSION = YES;
				CLANG_WARN_NON_LITERAL_NULL_CONVERSION = YES;
				CLANG_WARN_OBJC_LITERAL_CONVERSION = YES;
				CLANG_WARN_OBJC_ROOT_CLASS = YES_ERROR;
				CLANG_WARN_RANGE_LOOP_ANALYSIS = YES;
				CLANG_WARN_STRICT_PROTOTYPES = YES;
				CLANG_WARN_SUSPICIOUS_MOVE = YES;
				CLANG_WARN_UNREACHABLE_CODE = YES;
				CLANG_WARN__DUPLICATE_METHOD_MATCH = YES;
				COPY_PHASE_STRIP = NO;
				ENABLE_STRICT_OBJC_MSGSEND = YES;
				ENABLE_TESTABILITY = YES;
				GCC_C_LANGUAGE_STANDARD = gnu99;
				GCC_DYNAMIC_NO_PIC = NO;
				GCC_NO_COMMON_BLOCKS = YES;
				GCC_OPTIMIZATION_LEVEL = 0;
				GCC_PREPROCESSOR_DEFINITIONS = (
					"DEBUG=1",
					"$(inherited)",
				);
				GCC_SYMBOLS_PRIVATE_EXTERN = NO;
				GCC_WARN_64_TO_32_BIT_CONVERSION = YES;
				GCC_WARN_ABOUT_RETURN_TYPE = YES_ERROR;
				GCC_WARN_UNDECLARED_SELECTOR = YES;
				GCC_WARN_UNINITIALIZED_AUTOS = YES_AGGRESSIVE;
				GCC_WARN_UNUSED_FUNCTION = YES;
				GCC_WARN_UNUSED_VARIABLE = YES;
				IPHONEOS_DEPLOYMENT_TARGET = 8.0;
				MTL_ENABLE_DEBUG_INFO = YES;
				ONLY_ACTIVE_ARCH = YES;
				SDKROOT = iphoneos;
			};
			name = Debug;
		};
		58B511EE1A9E6C8500147676 /* Release */ = {
			isa = XCBuildConfiguration;
			buildSettings = {
				ALWAYS_SEARCH_USER_PATHS = NO;
				CLANG_CXX_LANGUAGE_STANDARD = "gnu++0x";
				CLANG_CXX_LIBRARY = "libc++";
				CLANG_ENABLE_MODULES = YES;
				CLANG_ENABLE_OBJC_ARC = YES;
				CLANG_WARN_BLOCK_CAPTURE_AUTORELEASING = YES;
				CLANG_WARN_BOOL_CONVERSION = YES;
				CLANG_WARN_COMMA = YES;
				CLANG_WARN_CONSTANT_CONVERSION = YES;
				CLANG_WARN_DIRECT_OBJC_ISA_USAGE = YES_ERROR;
				CLANG_WARN_EMPTY_BODY = YES;
				CLANG_WARN_ENUM_CONVERSION = YES;
				CLANG_WARN_INFINITE_RECURSION = YES;
				CLANG_WARN_INT_CONVERSION = YES;
				CLANG_WARN_NON_LITERAL_NULL_CONVERSION = YES;
				CLANG_WARN_OBJC_LITERAL_CONVERSION = YES;
				CLANG_WARN_OBJC_ROOT_CLASS = YES_ERROR;
				CLANG_WARN_RANGE_LOOP_ANALYSIS = YES;
				CLANG_WARN_STRICT_PROTOTYPES = YES;
				CLANG_WARN_SUSPICIOUS_MOVE = YES;
				CLANG_WARN_UNREACHABLE_CODE = YES;
				CLANG_WARN__DUPLICATE_METHOD_MATCH = YES;
				COPY_PHASE_STRIP = YES;
				ENABLE_NS_ASSERTIONS = NO;
				ENABLE_STRICT_OBJC_MSGSEND = YES;
				GCC_C_LANGUAGE_STANDARD = gnu99;
				GCC_NO_COMMON_BLOCKS = YES;
				GCC_WARN_64_TO_32_BIT_CONVERSION = YES;
				GCC_WARN_ABOUT_RETURN_TYPE = YES_ERROR;
				GCC_WARN_UNDECLARED_SELECTOR = YES;
				GCC_WARN_UNINITIALIZED_AUTOS = YES_AGGRESSIVE;
				GCC_WARN_UNUSED_FUNCTION = YES;
				GCC_WARN_UNUSED_VARIABLE = YES;
				IPHONEOS_DEPLOYMENT_TARGET = 8.0;
				MTL_ENABLE_DEBUG_INFO = NO;
				SDKROOT = iphoneos;
				VALIDATE_PRODUCT = YES;
			};
			name = Release;
		};
		58B511F01A9E6C8500147676 /* Debug */ = {
			isa = XCBuildConfiguration;
			baseConfigurationReference = 64A669CD06FA9757E3226CD7 /* Pods-RNLivesafe.debug.xcconfig */;
			buildSettings = {
				FRAMEWORK_SEARCH_PATHS = (
					"$(inherited)",
					"$(PROJECT_DIR)/Libraries",
				);
				HEADER_SEARCH_PATHS = (
					"$(inherited)",
					/Applications/Xcode.app/Contents/Developer/Toolchains/XcodeDefault.xctoolchain/usr/include,
					"$(SRCROOT)/../../../React/**",
					"$(SRCROOT)/../../react-native/React/**",
				);
				LIBRARY_SEARCH_PATHS = "$(inherited)";
				OTHER_LDFLAGS = "-ObjC";
				PRODUCT_NAME = RNLivesafe;
				SKIP_INSTALL = YES;
			};
			name = Debug;
		};
		58B511F11A9E6C8500147676 /* Release */ = {
			isa = XCBuildConfiguration;
			baseConfigurationReference = 7915FE6497C289ECB5AEBC6E /* Pods-RNLivesafe.release.xcconfig */;
			buildSettings = {
				FRAMEWORK_SEARCH_PATHS = (
					"$(inherited)",
					"$(PROJECT_DIR)/Libraries",
				);
				HEADER_SEARCH_PATHS = (
					"$(inherited)",
					/Applications/Xcode.app/Contents/Developer/Toolchains/XcodeDefault.xctoolchain/usr/include,
					"$(SRCROOT)/../../../React/**",
					"$(SRCROOT)/../../react-native/React/**",
				);
				LIBRARY_SEARCH_PATHS = "$(inherited)";
				OTHER_LDFLAGS = "-ObjC";
				PRODUCT_NAME = RNLivesafe;
				SKIP_INSTALL = YES;
			};
			name = Release;
		};
/* End XCBuildConfiguration section */

/* Begin XCConfigurationList section */
		58B511D61A9E6C8500147676 /* Build configuration list for PBXProject "RNLivesafe" */ = {
			isa = XCConfigurationList;
			buildConfigurations = (
				58B511ED1A9E6C8500147676 /* Debug */,
				58B511EE1A9E6C8500147676 /* Release */,
			);
			defaultConfigurationIsVisible = 0;
			defaultConfigurationName = Release;
		};
		58B511EF1A9E6C8500147676 /* Build configuration list for PBXNativeTarget "RNLivesafe" */ = {
			isa = XCConfigurationList;
			buildConfigurations = (
				58B511F01A9E6C8500147676 /* Debug */,
				58B511F11A9E6C8500147676 /* Release */,
			);
			defaultConfigurationIsVisible = 0;
			defaultConfigurationName = Release;
		};
/* End XCConfigurationList section */
	};
	rootObject = 58B511D31A9E6C8500147676 /* Project object */;
}
